// !$*UTF8*$!
{
	archiveVersion = 1;
	classes = {
	};
	objectVersion = 51;
	objects = {

/* Begin PBXBuildFile section */
		07D24E4E978D70F7952D80EE /* FunctionBuilderExampleAppDelegate.swift in Sources */ = {isa = PBXBuildFile; fileRef = D67C7CE6629615E41AEBF39A /* FunctionBuilderExampleAppDelegate.swift */; };
		26F5187AF0501D73EC695E90 /* Assets.xcassets in Resources */ = {isa = PBXBuildFile; fileRef = FBD063CC19C4D841BFC8D13C /* Assets.xcassets */; };
		76B830954A6F6D115C9DCDE1 /* Main.storyboard in Resources */ = {isa = PBXBuildFile; fileRef = 033D2E759D46CA58767872DE /* Main.storyboard */; };
		FA9B61D824A21AFE72691A02 /* LaunchScreen.storyboard in Resources */ = {isa = PBXBuildFile; fileRef = 0AA44763F226D75BA3D128FF /* LaunchScreen.storyboard */; };
/* End PBXBuildFile section */

/* Begin PBXFileReference section */
		033D2E759D46CA58767872DE /* Main.storyboard */ = {isa = PBXFileReference; lastKnownFileType = file.storyboard; path = Main.storyboard; sourceTree = "<group>"; };
		2FB51FCAFB8B3E7D9B9E5DBB /* Base */ = {isa = PBXFileReference; lastKnownFileType = file.storyboard; name = Base; path = Base.lproj/LaunchScreen.storyboard; sourceTree = "<group>"; };
		98C34B90C7613C53E8D06356 /* FunctionBuilderExample.app */ = {isa = PBXFileReference; includeInIndex = 0; lastKnownFileType = wrapper.application; path = FunctionBuilderExample.app; sourceTree = BUILT_PRODUCTS_DIR; };
		D67C7CE6629615E41AEBF39A /* FunctionBuilderExampleAppDelegate.swift */ = {isa = PBXFileReference; lastKnownFileType = sourcecode.swift; path = FunctionBuilderExampleAppDelegate.swift; sourceTree = "<group>"; };
		DBD485B918EB84FD69637F5B /* Info.plist */ = {isa = PBXFileReference; lastKnownFileType = text.plist.xml; path = Info.plist; sourceTree = "<group>"; };
		FBD063CC19C4D841BFC8D13C /* Assets.xcassets */ = {isa = PBXFileReference; lastKnownFileType = folder.assetcatalog; path = Assets.xcassets; sourceTree = "<group>"; };
/* End PBXFileReference section */

/* Begin PBXGroup section */
		00FA6BBA8073BBC9715433B9 /* Controller */ = {
			isa = PBXGroup;
			children = (
			);
			path = Controller;
			sourceTree = "<group>";
		};
		7203AB18F4DF79D86EFAB025 /* FunctionBuilderExample */ = {
			isa = PBXGroup;
			children = (
				EDB718477F9B4CB1020833FC /* App */,
				9E313A09510C931DDE05E52C /* Assets */,
				79AF58948842B87BB09C5DBE /* Common */,
				00FA6BBA8073BBC9715433B9 /* Controller */,
				8AE6E5D29B2293E9268C3543 /* Model */,
			);
			path = FunctionBuilderExample;
			sourceTree = "<group>";
		};
		79AF58948842B87BB09C5DBE /* Common */ = {
			isa = PBXGroup;
			children = (
			);
			path = Common;
			sourceTree = "<group>";
		};
		8AE6E5D29B2293E9268C3543 /* Model */ = {
			isa = PBXGroup;
			children = (
			);
			path = Model;
			sourceTree = "<group>";
		};
		9E313A09510C931DDE05E52C /* Assets */ = {
			isa = PBXGroup;
			children = (
				FBD063CC19C4D841BFC8D13C /* Assets.xcassets */,
				0AA44763F226D75BA3D128FF /* LaunchScreen.storyboard */,
				033D2E759D46CA58767872DE /* Main.storyboard */,
			);
			path = Assets;
			sourceTree = "<group>";
		};
		E9DBD97BAC17A33E2C64FACF /* Products */ = {
			isa = PBXGroup;
			children = (
				98C34B90C7613C53E8D06356 /* FunctionBuilderExample.app */,
			);
			name = Products;
			sourceTree = "<group>";
		};
		ED66C003FE219233AC0B5B71 = {
			isa = PBXGroup;
			children = (
				7203AB18F4DF79D86EFAB025 /* FunctionBuilderExample */,
				E9DBD97BAC17A33E2C64FACF /* Products */,
			);
			sourceTree = "<group>";
		};
		EDB718477F9B4CB1020833FC /* App */ = {
			isa = PBXGroup;
			children = (
				D67C7CE6629615E41AEBF39A /* FunctionBuilderExampleAppDelegate.swift */,
				DBD485B918EB84FD69637F5B /* Info.plist */,
			);
			path = App;
			sourceTree = "<group>";
		};
/* End PBXGroup section */

/* Begin PBXNativeTarget section */
		0FA4E143ACC0CD14C22CF227 /* FunctionBuilderExample */ = {
			isa = PBXNativeTarget;
			buildConfigurationList = 07B4806A3BFE62C728F9302A /* Build configuration list for PBXNativeTarget "FunctionBuilderExample" */;
			buildPhases = (
				15EEE40B5FC60AA291C7A7FC /* Sources */,
				CA7A28669AD5436A2E7E5F36 /* Resources */,
			);
			buildRules = (
			);
			dependencies = (
			);
			name = FunctionBuilderExample;
			productName = FunctionBuilderExample;
			productReference = 98C34B90C7613C53E8D06356 /* FunctionBuilderExample.app */;
			productType = "com.apple.product-type.application";
		};
/* End PBXNativeTarget section */

/* Begin PBXProject section */
		BB7836C921F922C5866C4F3D /* Project object */ = {
			isa = PBXProject;
			attributes = {
				LastUpgradeCheck = 1020;
			};
			buildConfigurationList = 1971C544C136F1AB594F066D /* Build configuration list for PBXProject "FunctionBuilderExample" */;
			compatibilityVersion = "Xcode 10.0";
			developmentRegion = en;
			hasScannedForEncodings = 0;
			knownRegions = (
				Base,
			);
			mainGroup = ED66C003FE219233AC0B5B71;
			projectDirPath = "";
			projectRoot = "";
			targets = (
				0FA4E143ACC0CD14C22CF227 /* FunctionBuilderExample */,
			);
		};
/* End PBXProject section */

/* Begin PBXResourcesBuildPhase section */
		CA7A28669AD5436A2E7E5F36 /* Resources */ = {
			isa = PBXResourcesBuildPhase;
			buildActionMask = 2147483647;
			files = (
				26F5187AF0501D73EC695E90 /* Assets.xcassets in Resources */,
				FA9B61D824A21AFE72691A02 /* LaunchScreen.storyboard in Resources */,
				76B830954A6F6D115C9DCDE1 /* Main.storyboard in Resources */,
			);
			runOnlyForDeploymentPostprocessing = 0;
		};
/* End PBXResourcesBuildPhase section */

/* Begin PBXSourcesBuildPhase section */
		15EEE40B5FC60AA291C7A7FC /* Sources */ = {
			isa = PBXSourcesBuildPhase;
			buildActionMask = 2147483647;
			files = (
				07D24E4E978D70F7952D80EE /* FunctionBuilderExampleAppDelegate.swift in Sources */,
			);
			runOnlyForDeploymentPostprocessing = 0;
		};
/* End PBXSourcesBuildPhase section */

/* Begin PBXVariantGroup section */
		0AA44763F226D75BA3D128FF /* LaunchScreen.storyboard */ = {
			isa = PBXVariantGroup;
			children = (
				2FB51FCAFB8B3E7D9B9E5DBB /* Base */,
			);
			name = LaunchScreen.storyboard;
			sourceTree = "<group>";
		};
/* End PBXVariantGroup section */

/* Begin XCBuildConfiguration section */
		28909A82D25C0EC3308FB544 /* Debug */ = {
			isa = XCBuildConfiguration;
			buildSettings = {
				ASSETCATALOG_COMPILER_APPICON_NAME = AppIcon;
				CODE_SIGN_IDENTITY = "iPhone Developer";
				INFOPLIST_FILE = FunctionBuilderExample/App/Info.plist;
				LD_RUNPATH_SEARCH_PATHS = "$(inherited) @executable_path/Frameworks";
				PRODUCT_BUNDLE_IDENTIFIER = com.example.FunctionBuilderExample;
				SDKROOT = iphoneos;
				SWIFT_VERSION = 5.0;
				TARGETED_DEVICE_FAMILY = "1,2";
			};
			name = Debug;
		};
		2EB0EA3128E1DC2FDD573F64 /* Release */ = {
			isa = XCBuildConfiguration;
			buildSettings = {
				ASSETCATALOG_COMPILER_APPICON_NAME = AppIcon;
				CODE_SIGN_IDENTITY = "iPhone Developer";
				INFOPLIST_FILE = FunctionBuilderExample/App/Info.plist;
				LD_RUNPATH_SEARCH_PATHS = "$(inherited) @executable_path/Frameworks";
				PRODUCT_BUNDLE_IDENTIFIER = com.example.FunctionBuilderExample;
				SDKROOT = iphoneos;
				SWIFT_VERSION = 5.0;
				TARGETED_DEVICE_FAMILY = "1,2";
			};
			name = Release;
		};
		375E0A538517831541D8E448 /* Release */ = {
			isa = XCBuildConfiguration;
			buildSettings = {
				ALWAYS_SEARCH_USER_PATHS = NO;
				CLANG_ANALYZER_NONNULL = YES;
				CLANG_ANALYZER_NUMBER_OBJECT_CONVERSION = YES_AGGRESSIVE;
				CLANG_CXX_LANGUAGE_STANDARD = "gnu++14";
				CLANG_CXX_LIBRARY = "libc++";
				CLANG_ENABLE_MODULES = YES;
				CLANG_ENABLE_OBJC_ARC = YES;
				CLANG_WARN_BLOCK_CAPTURE_AUTORELEASING = YES;
				CLANG_WARN_BOOL_CONVERSION = YES;
				CLANG_WARN_COMMA = YES;
				CLANG_WARN_CONSTANT_CONVERSION = YES;
				CLANG_WARN_DEPRECATED_OBJC_IMPLEMENTATIONS = YES;
				CLANG_WARN_DIRECT_OBJC_ISA_USAGE = YES_ERROR;
				CLANG_WARN_DOCUMENTATION_COMMENTS = YES;
				CLANG_WARN_EMPTY_BODY = YES;
				CLANG_WARN_ENUM_CONVERSION = YES;
				CLANG_WARN_INFINITE_RECURSION = YES;
				CLANG_WARN_INT_CONVERSION = YES;
				CLANG_WARN_NON_LITERAL_NULL_CONVERSION = YES;
				CLANG_WARN_OBJC_IMPLICIT_RETAIN_SELF = YES;
				CLANG_WARN_OBJC_LITERAL_CONVERSION = YES;
				CLANG_WARN_OBJC_ROOT_CLASS = YES_ERROR;
				CLANG_WARN_RANGE_LOOP_ANALYSIS = YES;
				CLANG_WARN_STRICT_PROTOTYPES = YES;
				CLANG_WARN_SUSPICIOUS_MOVE = YES;
				CLANG_WARN_UNGUARDED_AVAILABILITY = YES_AGGRESSIVE;
				CLANG_WARN_UNREACHABLE_CODE = YES;
				CLANG_WARN__DUPLICATE_METHOD_MATCH = YES;
				COPY_PHASE_STRIP = NO;
				DEBUG_INFORMATION_FORMAT = "dwarf-with-dsym";
				ENABLE_NS_ASSERTIONS = NO;
				ENABLE_STRICT_OBJC_MSGSEND = YES;
				GCC_C_LANGUAGE_STANDARD = gnu11;
				GCC_NO_COMMON_BLOCKS = YES;
				GCC_WARN_64_TO_32_BIT_CONVERSION = YES;
				GCC_WARN_ABOUT_RETURN_TYPE = YES_ERROR;
				GCC_WARN_UNDECLARED_SELECTOR = YES;
				GCC_WARN_UNINITIALIZED_AUTOS = YES_AGGRESSIVE;
				GCC_WARN_UNUSED_FUNCTION = YES;
				GCC_WARN_UNUSED_VARIABLE = YES;
				IPHONEOS_DEPLOYMENT_TARGET = 10.0;
				PRODUCT_NAME = "$(TARGET_NAME)";
				SDKROOT = iphoneos;
				SWIFT_COMPILATION_MODE = wholemodule;
				SWIFT_VERSION = 5.0;
				VALIDATE_PRODUCT = YES;
			};
			name = Release;
		};
		91641C5A21D97FF70859D41D /* Debug */ = {
			isa = XCBuildConfiguration;
			buildSettings = {
				ALWAYS_SEARCH_USER_PATHS = NO;
				CLANG_ANALYZER_NONNULL = YES;
				CLANG_ANALYZER_NUMBER_OBJECT_CONVERSION = YES_AGGRESSIVE;
				CLANG_CXX_LANGUAGE_STANDARD = "gnu++14";
				CLANG_CXX_LIBRARY = "libc++";
				CLANG_ENABLE_MODULES = YES;
				CLANG_ENABLE_OBJC_ARC = YES;
				CLANG_WARN_BLOCK_CAPTURE_AUTORELEASING = YES;
				CLANG_WARN_BOOL_CONVERSION = YES;
				CLANG_WARN_COMMA = YES;
				CLANG_WARN_CONSTANT_CONVERSION = YES;
				CLANG_WARN_DEPRECATED_OBJC_IMPLEMENTATIONS = YES;
				CLANG_WARN_DIRECT_OBJC_ISA_USAGE = YES_ERROR;
				CLANG_WARN_DOCUMENTATION_COMMENTS = YES;
				CLANG_WARN_EMPTY_BODY = YES;
				CLANG_WARN_ENUM_CONVERSION = YES;
				CLANG_WARN_INFINITE_RECURSION = YES;
				CLANG_WARN_INT_CONVERSION = YES;
				CLANG_WARN_NON_LITERAL_NULL_CONVERSION = YES;
				CLANG_WARN_OBJC_IMPLICIT_RETAIN_SELF = YES;
				CLANG_WARN_OBJC_LITERAL_CONVERSION = YES;
				CLANG_WARN_OBJC_ROOT_CLASS = YES_ERROR;
				CLANG_WARN_RANGE_LOOP_ANALYSIS = YES;
				CLANG_WARN_STRICT_PROTOTYPES = YES;
				CLANG_WARN_SUSPICIOUS_MOVE = YES;
				CLANG_WARN_UNGUARDED_AVAILABILITY = YES_AGGRESSIVE;
				CLANG_WARN_UNREACHABLE_CODE = YES;
				CLANG_WARN__DUPLICATE_METHOD_MATCH = YES;
				COPY_PHASE_STRIP = NO;
				DEBUG_INFORMATION_FORMAT = dwarf;
				ENABLE_STRICT_OBJC_MSGSEND = YES;
				ENABLE_TESTABILITY = YES;
				GCC_C_LANGUAGE_STANDARD = gnu11;
				GCC_DYNAMIC_NO_PIC = NO;
				GCC_NO_COMMON_BLOCKS = YES;
				GCC_OPTIMIZATION_LEVEL = 0;
				GCC_PREPROCESSOR_DEFINITIONS = (
					"$(inherited)",
					"DEBUG=1",
				);
				GCC_WARN_64_TO_32_BIT_CONVERSION = YES;
				GCC_WARN_ABOUT_RETURN_TYPE = YES_ERROR;
				GCC_WARN_UNDECLARED_SELECTOR = YES;
				GCC_WARN_UNINITIALIZED_AUTOS = YES_AGGRESSIVE;
				GCC_WARN_UNUSED_FUNCTION = YES;
				GCC_WARN_UNUSED_VARIABLE = YES;
				IPHONEOS_DEPLOYMENT_TARGET = 10.0;
				MTL_ENABLE_DEBUG_INFO = YES;
				ONLY_ACTIVE_ARCH = YES;
				PRODUCT_NAME = "$(TARGET_NAME)";
				SDKROOT = iphoneos;
				SWIFT_ACTIVE_COMPILATION_CONDITIONS = DEBUG;
				SWIFT_OPTIMIZATION_LEVEL = "-Onone";
				SWIFT_VERSION = 5.0;
			};
			name = Debug;
		};
/* End XCBuildConfiguration section */

/* Begin XCConfigurationList section */
		07B4806A3BFE62C728F9302A /* Build configuration list for PBXNativeTarget "FunctionBuilderExample" */ = {
			isa = XCConfigurationList;
			buildConfigurations = (
				28909A82D25C0EC3308FB544 /* Debug */,
				2EB0EA3128E1DC2FDD573F64 /* Release */,
			);
			defaultConfigurationIsVisible = 0;
			defaultConfigurationName = "";
		};
		1971C544C136F1AB594F066D /* Build configuration list for PBXProject "FunctionBuilderExample" */ = {
			isa = XCConfigurationList;
			buildConfigurations = (
				91641C5A21D97FF70859D41D /* Debug */,
				375E0A538517831541D8E448 /* Release */,
			);
			defaultConfigurationIsVisible = 0;
			defaultConfigurationName = Debug;
		};
/* End XCConfigurationList section */
	};
	rootObject = BB7836C921F922C5866C4F3D /* Project object */;
}
